// !$*UTF8*$!
{
	archiveVersion = 1;
	classes = {
	};
	objectVersion = 48;
	objects = {

/* Begin PBXBuildFile section */
		727CA03D203E61ED001D2F4C /* AppDelegate.m in Sources */ = {isa = PBXBuildFile; fileRef = 727CA03C203E61ED001D2F4C /* AppDelegate.m */; };
		727CA040203E61ED001D2F4C /* ViewController.m in Sources */ = {isa = PBXBuildFile; fileRef = 727CA03F203E61ED001D2F4C /* ViewController.m */; };
		727CA043203E61ED001D2F4C /* Main.storyboard in Resources */ = {isa = PBXBuildFile; fileRef = 727CA041203E61ED001D2F4C /* Main.storyboard */; };
		727CA045203E61ED001D2F4C /* Assets.xcassets in Resources */ = {isa = PBXBuildFile; fileRef = 727CA044203E61ED001D2F4C /* Assets.xcassets */; };
		727CA048203E61ED001D2F4C /* LaunchScreen.storyboard in Resources */ = {isa = PBXBuildFile; fileRef = 727CA046203E61ED001D2F4C /* LaunchScreen.storyboard */; };
		727CA04B203E61ED001D2F4C /* main.m in Sources */ = {isa = PBXBuildFile; fileRef = 727CA04A203E61ED001D2F4C /* main.m */; };
/* End PBXBuildFile section */

/* Begin PBXFileReference section */
		727CA038203E61ED001D2F4C /* JSONWidthObjectiveC.app */ = {isa = PBXFileReference; explicitFileType = wrapper.application; includeInIndex = 0; path = JSONWidthObjectiveC.app; sourceTree = BUILT_PRODUCTS_DIR; };
		727CA03B203E61ED001D2F4C /* AppDelegate.h */ = {isa = PBXFileReference; lastKnownFileType = sourcecode.c.h; path = AppDelegate.h; sourceTree = "<group>"; };
		727CA03C203E61ED001D2F4C /* AppDelegate.m */ = {isa = PBXFileReference; lastKnownFileType = sourcecode.c.objc; path = AppDelegate.m; sourceTree = "<group>"; };
		727CA03E203E61ED001D2F4C /* ViewController.h */ = {isa = PBXFileReference; lastKnownFileType = sourcecode.c.h; path = ViewController.h; sourceTree = "<group>"; };
		727CA03F203E61ED001D2F4C /* ViewController.m */ = {isa = PBXFileReference; lastKnownFileType = sourcecode.c.objc; path = ViewController.m; sourceTree = "<group>"; };
		727CA042203E61ED001D2F4C /* Base */ = {isa = PBXFileReference; lastKnownFileType = file.storyboard; name = Base; path = Base.lproj/Main.storyboard; sourceTree = "<group>"; };
		727CA044203E61ED001D2F4C /* Assets.xcassets */ = {isa = PBXFileReference; lastKnownFileType = folder.assetcatalog; path = Assets.xcassets; sourceTree = "<group>"; };
		727CA047203E61ED001D2F4C /* Base */ = {isa = PBXFileReference; lastKnownFileType = file.storyboard; name = Base; path = Base.lproj/LaunchScreen.storyboard; sourceTree = "<group>"; };
		727CA049203E61ED001D2F4C /* Info.plist */ = {isa = PBXFileReference; lastKnownFileType = text.plist.xml; path = Info.plist; sourceTree = "<group>"; };
		727CA04A203E61ED001D2F4C /* main.m */ = {isa = PBXFileReference; lastKnownFileType = sourcecode.c.objc; path = main.m; sourceTree = "<group>"; };
/* End PBXFileReference section */

/* Begin PBXFrameworksBuildPhase section */
		727CA035203E61ED001D2F4C /* Frameworks */ = {
			isa = PBXFrameworksBuildPhase;
			buildActionMask = 2147483647;
			files = (
			);
			runOnlyForDeploymentPostprocessing = 0;
		};
/* End PBXFrameworksBuildPhase section */

/* Begin PBXGroup section */
		727CA02F203E61ED001D2F4C = {
			isa = PBXGroup;
			children = (
				727CA03A203E61ED001D2F4C /* JSONWidthObjectiveC */,
				727CA039203E61ED001D2F4C /* Products */,
			);
			sourceTree = "<group>";
		};
		727CA039203E61ED001D2F4C /* Products */ = {
			isa = PBXGroup;
			children = (
				727CA038203E61ED001D2F4C /* JSONWidthObjectiveC.app */,
			);
			name = Products;
			sourceTree = "<group>";
		};
		727CA03A203E61ED001D2F4C /* JSONWidthObjectiveC */ = {
			isa = PBXGroup;
			children = (
				727CA03B203E61ED001D2F4C /* AppDelegate.h */,
				727CA03C203E61ED001D2F4C /* AppDelegate.m */,
				727CA03E203E61ED001D2F4C /* ViewController.h */,
				727CA03F203E61ED001D2F4C /* ViewController.m */,
				727CA041203E61ED001D2F4C /* Main.storyboard */,
				727CA044203E61ED001D2F4C /* Assets.xcassets */,
				727CA046203E61ED001D2F4C /* LaunchScreen.storyboard */,
				727CA049203E61ED001D2F4C /* Info.plist */,
				727CA04A203E61ED001D2F4C /* main.m */,
			);
			path = JSONWidthObjectiveC;
			sourceTree = "<group>";
		};
/* End PBXGroup section */

/* Begin PBXNativeTarget section */
		727CA037203E61ED001D2F4C /* JSONWidthObjectiveC */ = {
			isa = PBXNativeTarget;
			buildConfigurationList = 727CA04E203E61ED001D2F4C /* Build configuration list for PBXNativeTarget "JSONWidthObjectiveC" */;
			buildPhases = (
				727CA034203E61ED001D2F4C /* Sources */,
				727CA035203E61ED001D2F4C /* Frameworks */,
				727CA036203E61ED001D2F4C /* Resources */,
			);
			buildRules = (
			);
			dependencies = (
			);
			name = JSONWidthObjectiveC;
			productName = JSONWidthObjectiveC;
			productReference = 727CA038203E61ED001D2F4C /* JSONWidthObjectiveC.app */;
			productType = "com.apple.product-type.application";
		};
/* End PBXNativeTarget section */

/* Begin PBXProject section */
		727CA030203E61ED001D2F4C /* Project object */ = {
			isa = PBXProject;
			attributes = {
				LastUpgradeCheck = 0920;
				ORGANIZATIONNAME = KaiChieh;
				TargetAttributes = {
					727CA037203E61ED001D2F4C = {
						CreatedOnToolsVersion = 9.2;
						ProvisioningStyle = Automatic;
					};
				};
			};
			buildConfigurationList = 727CA033203E61ED001D2F4C /* Build configuration list for PBXProject "JSONWidthObjectiveC" */;
			compatibilityVersion = "Xcode 8.0";
			developmentRegion = en;
			hasScannedForEncodings = 0;
			knownRegions = (
				en,
				Base,
			);
			mainGroup = 727CA02F203E61ED001D2F4C;
			productRefGroup = 727CA039203E61ED001D2F4C /* Products */;
			projectDirPath = "";
			projectRoot = "";
			targets = (
				727CA037203E61ED001D2F4C /* JSONWidthObjectiveC */,
			);
		};
/* End PBXProject section */

/* Begin PBXResourcesBuildPhase section */
		727CA036203E61ED001D2F4C /* Resources */ = {
			isa = PBXResourcesBuildPhase;
			buildActionMask = 2147483647;
			files = (
				727CA048203E61ED001D2F4C /* LaunchScreen.storyboard in Resources */,
				727CA045203E61ED001D2F4C /* Assets.xcassets in Resources */,
				727CA043203E61ED001D2F4C /* Main.storyboard in Resources */,
			);
			runOnlyForDeploymentPostprocessing = 0;
		};
/* End PBXResourcesBuildPhase section */

/* Begin PBXSourcesBuildPhase section */
		727CA034203E61ED001D2F4C /* Sources */ = {
			isa = PBXSourcesBuildPhase;
			buildActionMask = 2147483647;
			files = (
				727CA040203E61ED001D2F4C /* ViewController.m in Sources */,
				727CA04B203E61ED001D2F4C /* main.m in Sources */,
				727CA03D203E61ED001D2F4C /* AppDelegate.m in Sources */,
			);
			runOnlyForDeploymentPostprocessing = 0;
		};
/* End PBXSourcesBuildPhase section */

/* Begin PBXVariantGroup section */
		727CA041203E61ED001D2F4C /* Main.storyboard */ = {
			isa = PBXVariantGroup;
			children = (
				727CA042203E61ED001D2F4C /* Base */,
			);
			name = Main.storyboard;
			sourceTree = "<group>";
		};
		727CA046203E61ED001D2F4C /* LaunchScreen.storyboard */ = {
			isa = PBXVariantGroup;
			children = (
				727CA047203E61ED001D2F4C /* Base */,
			);
			name = LaunchScreen.storyboard;
			sourceTree = "<group>";
		};
/* End PBXVariantGroup section */

/* Begin XCBuildConfiguration section */
		727CA04C203E61ED001D2F4C /* Debug */ = {
			isa = XCBuildConfiguration;
			buildSettings = {
				ALWAYS_SEARCH_USER_PATHS = NO;
				CLANG_ANALYZER_NONNULL = YES;
				CLANG_ANALYZER_NUMBER_OBJECT_CONVERSION = YES_AGGRESSIVE;
				CLANG_CXX_LANGUAGE_STANDARD = "gnu++14";
				CLANG_CXX_LIBRARY = "libc++";
				CLANG_ENABLE_MODULES = YES;
				CLANG_ENABLE_OBJC_ARC = YES;
				CLANG_WARN_BLOCK_CAPTURE_AUTORELEASING = YES;
				CLANG_WARN_BOOL_CONVERSION = YES;
				CLANG_WARN_COMMA = YES;
				CLANG_WARN_CONSTANT_CONVERSION = YES;
				CLANG_WARN_DIRECT_OBJC_ISA_USAGE = YES_ERROR;
				CLANG_WARN_DOCUMENTATION_COMMENTS = YES;
				CLANG_WARN_EMPTY_BODY = YES;
				CLANG_WARN_ENUM_CONVERSION = YES;
				CLANG_WARN_INFINITE_RECURSION = YES;
				CLANG_WARN_INT_CONVERSION = YES;
				CLANG_WARN_NON_LITERAL_NULL_CONVERSION = YES;
				CLANG_WARN_OBJC_LITERAL_CONVERSION = YES;
				CLANG_WARN_OBJC_ROOT_CLASS = YES_ERROR;
				CLANG_WARN_RANGE_LOOP_ANALYSIS = YES;
				CLANG_WARN_STRICT_PROTOTYPES = YES;
				CLANG_WARN_SUSPICIOUS_MOVE = YES;
				CLANG_WARN_UNGUARDED_AVAILABILITY = YES_AGGRESSIVE;
				CLANG_WARN_UNREACHABLE_CODE = YES;
				CLANG_WARN__DUPLICATE_METHOD_MATCH = YES;
				CODE_SIGN_IDENTITY = "iPhone Developer";
				COPY_PHASE_STRIP = NO;
				DEBUG_INFORMATION_FORMAT = dwarf;
				ENABLE_STRICT_OBJC_MSGSEND = YES;
				ENABLE_TESTABILITY = YES;
				GCC_C_LANGUAGE_STANDARD = gnu11;
				GCC_DYNAMIC_NO_PIC = NO;
				GCC_NO_COMMON_BLOCKS = YES;
				GCC_OPTIMIZATION_LEVEL = 0;
				GCC_PREPROCESSOR_DEFINITIONS = (
					"DEBUG=1",
					"$(inherited)",
				);
				GCC_WARN_64_TO_32_BIT_CONVERSION = YES;
				GCC_WARN_ABOUT_RETURN_TYPE = YES_ERROR;
				GCC_WARN_UNDECLARED_SELECTOR = YES;
				GCC_WARN_UNINITIALIZED_AUTOS = YES_AGGRESSIVE;
				GCC_WARN_UNUSED_FUNCTION = YES;
				GCC_WARN_UNUSED_VARIABLE = YES;
				IPHONEOS_DEPLOYMENT_TARGET = 11.2;
				MTL_ENABLE_DEBUG_INFO = YES;
				ONLY_ACTIVE_ARCH = YES;
				SDKROOT = iphoneos;
			};
			name = Debug;
		};
		727CA04D203E61ED001D2F4C /* Release */ = {
			isa = XCBuildConfiguration;
			buildSettings = {
				ALWAYS_SEARCH_USER_PATHS = NO;
				CLANG_ANALYZER_NONNULL = YES;
				CLANG_ANALYZER_NUMBER_OBJECT_CONVERSION = YES_AGGRESSIVE;
				CLANG_CXX_LANGUAGE_STANDARD = "gnu++14";
				CLANG_CXX_LIBRARY = "libc++";
				CLANG_ENABLE_MODULES = YES;
				CLANG_ENABLE_OBJC_ARC = YES;
				CLANG_WARN_BLOCK_CAPTURE_AUTORELEASING = YES;
				CLANG_WARN_BOOL_CONVERSION = YES;
				CLANG_WARN_COMMA = YES;
				CLANG_WARN_CONSTANT_CONVERSION = YES;
				CLANG_WARN_DIRECT_OBJC_ISA_USAGE = YES_ERROR;
				CLANG_WARN_DOCUMENTATION_COMMENTS = YES;
				CLANG_WARN_EMPTY_BODY = YES;
				CLANG_WARN_ENUM_CONVERSION = YES;
				CLANG_WARN_INFINITE_RECURSION = YES;
				CLANG_WARN_INT_CONVERSION = YES;
				CLANG_WARN_NON_LITERAL_NULL_CONVERSION = YES;
				CLANG_WARN_OBJC_LITERAL_CONVERSION = YES;
				CLANG_WARN_OBJC_ROOT_CLASS = YES_ERROR;
				CLANG_WARN_RANGE_LOOP_ANALYSIS = YES;
				CLANG_WARN_STRICT_PROTOTYPES = YES;
				CLANG_WARN_SUSPICIOUS_MOVE = YES;
				CLANG_WARN_UNGUARDED_AVAILABILITY = YES_AGGRESSIVE;
				CLANG_WARN_UNREACHABLE_CODE = YES;
				CLANG_WARN__DUPLICATE_METHOD_MATCH = YES;
				CODE_SIGN_IDENTITY = "iPhone Developer";
				COPY_PHASE_STRIP = NO;
				DEBUG_INFORMATION_FORMAT = "dwarf-with-dsym";
				ENABLE_NS_ASSERTIONS = NO;
				ENABLE_STRICT_OBJC_MSGSEND = YES;
				GCC_C_LANGUAGE_STANDARD = gnu11;
				GCC_NO_COMMON_BLOCKS = YES;
				GCC_WARN_64_TO_32_BIT_CONVERSION = YES;
				GCC_WARN_ABOUT_RETURN_TYPE = YES_ERROR;
				GCC_WARN_UNDECLARED_SELECTOR = YES;
				GCC_WARN_UNINITIALIZED_AUTOS = YES_AGGRESSIVE;
				GCC_WARN_UNUSED_FUNCTION = YES;
				GCC_WARN_UNUSED_VARIABLE = YES;
				IPHONEOS_DEPLOYMENT_TARGET = 11.2;
				MTL_ENABLE_DEBUG_INFO = NO;
				SDKROOT = iphoneos;
				VALIDATE_PRODUCT = YES;
			};
			name = Release;
		};
		727CA04F203E61ED001D2F4C /* Debug */ = {
			isa = XCBuildConfiguration;
			buildSettings = {
				ASSETCATALOG_COMPILER_APPICON_NAME = AppIcon;
				CODE_SIGN_STYLE = Automatic;
				INFOPLIST_FILE = JSONWidthObjectiveC/Info.plist;
				LD_RUNPATH_SEARCH_PATHS = "$(inherited) @executable_path/Frameworks";
				PRODUCT_BUNDLE_IDENTIFIER = tw.com.yvtc.HKC.JSONWidthObjectiveC;
				PRODUCT_NAME = "$(TARGET_NAME)";
				TARGETED_DEVICE_FAMILY = "1,2";
			};
			name = Debug;
		};
		727CA050203E61ED001D2F4C /* Release */ = {
			isa = XCBuildConfiguration;
			buildSettings = {
				ASSETCATALOG_COMPILER_APPICON_NAME = AppIcon;
				CODE_SIGN_STYLE = Automatic;
				INFOPLIST_FILE = JSONWidthObjectiveC/Info.plist;
				LD_RUNPATH_SEARCH_PATHS = "$(inherited) @executable_path/Frameworks";
				PRODUCT_BUNDLE_IDENTIFIER = tw.com.yvtc.HKC.JSONWidthObjectiveC;
				PRODUCT_NAME = "$(TARGET_NAME)";
				TARGETED_DEVICE_FAMILY = "1,2";
			};
			name = Release;
		};
/* End XCBuildConfiguration section */

/* Begin XCConfigurationList section */
		727CA033203E61ED001D2F4C /* Build configuration list for PBXProject "JSONWidthObjectiveC" */ = {
			isa = XCConfigurationList;
			buildConfigurations = (
				727CA04C203E61ED001D2F4C /* Debug */,
				727CA04D203E61ED001D2F4C /* Release */,
			);
			defaultConfigurationIsVisible = 0;
			defaultConfigurationName = Release;
		};
		727CA04E203E61ED001D2F4C /* Build configuration list for PBXNativeTarget "JSONWidthObjectiveC" */ = {
			isa = XCConfigurationList;
			buildConfigurations = (
				727CA04F203E61ED001D2F4C /* Debug */,
				727CA050203E61ED001D2F4C /* Release */,
			);
			defaultConfigurationIsVisible = 0;
			defaultConfigurationName = Release;
		};
/* End XCConfigurationList section */
	};
	rootObject = 727CA030203E61ED001D2F4C /* Project object */;
}
